// !$*UTF8*$!
{
	archiveVersion = 1;
	classes = {
	};
	objectVersion = 56;
	objects = {

/* Begin PBXBuildFile section */
		187A941C2A286AF900F8FA36 /* Extensions.swift in Sources */ = {isa = PBXBuildFile; fileRef = 187A941B2A286AF900F8FA36 /* Extensions.swift */; };
		18A6497F2A29B918009E46E3 /* GoogleService-Info.plist in Resources */ = {isa = PBXBuildFile; fileRef = 18A6497E2A29B917009E46E3 /* GoogleService-Info.plist */; };
		18D2A4FE2A279D7600051495 /* AppDelegate.swift in Sources */ = {isa = PBXBuildFile; fileRef = 18D2A4FD2A279D7600051495 /* AppDelegate.swift */; };
		18D2A5002A279D7600051495 /* SceneDelegate.swift in Sources */ = {isa = PBXBuildFile; fileRef = 18D2A4FF2A279D7600051495 /* SceneDelegate.swift */; };
		18D2A5022A279D7600051495 /* HomeViewController.swift in Sources */ = {isa = PBXBuildFile; fileRef = 18D2A5012A279D7600051495 /* HomeViewController.swift */; };
		18D2A5052A279D7600051495 /* Main.storyboard in Resources */ = {isa = PBXBuildFile; fileRef = 18D2A5032A279D7600051495 /* Main.storyboard */; };
		18D2A5072A279D7900051495 /* Assets.xcassets in Resources */ = {isa = PBXBuildFile; fileRef = 18D2A5062A279D7900051495 /* Assets.xcassets */; };
		18D2A50A2A279D7900051495 /* LaunchScreen.storyboard in Resources */ = {isa = PBXBuildFile; fileRef = 18D2A5082A279D7900051495 /* LaunchScreen.storyboard */; };
		18D2A5172A27A23300051495 /* ExploreViewController.swift in Sources */ = {isa = PBXBuildFile; fileRef = 18D2A5162A27A23300051495 /* ExploreViewController.swift */; };
		18D2A5192A27A24B00051495 /* CameraViewController.swift in Sources */ = {isa = PBXBuildFile; fileRef = 18D2A5182A27A24B00051495 /* CameraViewController.swift */; };
		18D2A51B2A27A25E00051495 /* NotificationsViewController.swift in Sources */ = {isa = PBXBuildFile; fileRef = 18D2A51A2A27A25E00051495 /* NotificationsViewController.swift */; };
		18D2A51D2A27A27300051495 /* ProfileViewController.swift in Sources */ = {isa = PBXBuildFile; fileRef = 18D2A51C2A27A27300051495 /* ProfileViewController.swift */; };
		18D2A5222A27A2FC00051495 /* LoginViewController.swift in Sources */ = {isa = PBXBuildFile; fileRef = 18D2A5212A27A2FC00051495 /* LoginViewController.swift */; };
		18D2A5242A27A30D00051495 /* RegistrationViewController.swift in Sources */ = {isa = PBXBuildFile; fileRef = 18D2A5232A27A30D00051495 /* RegistrationViewController.swift */; };
		18D2A5262A27A32700051495 /* PostViewController.swift in Sources */ = {isa = PBXBuildFile; fileRef = 18D2A5252A27A32700051495 /* PostViewController.swift */; };
		18D2A5282A27A35000051495 /* EditProfileViewController.swift in Sources */ = {isa = PBXBuildFile; fileRef = 18D2A5272A27A35000051495 /* EditProfileViewController.swift */; };
		18D2A52A2A27A37000051495 /* SettingsViewController.swift in Sources */ = {isa = PBXBuildFile; fileRef = 18D2A5292A27A37000051495 /* SettingsViewController.swift */; };
		18D2A52C2A27A38B00051495 /* ListViewController.swift in Sources */ = {isa = PBXBuildFile; fileRef = 18D2A52B2A27A38B00051495 /* ListViewController.swift */; };
		18D2A52E2A27A3A200051495 /* SearchViewController.swift in Sources */ = {isa = PBXBuildFile; fileRef = 18D2A52D2A27A3A200051495 /* SearchViewController.swift */; };
		18D2A5302A27A3B100051495 /* SearchResultViewController.swift in Sources */ = {isa = PBXBuildFile; fileRef = 18D2A52F2A27A3B100051495 /* SearchResultViewController.swift */; };
		18D2A5322A27A3E900051495 /* PostEditorViewController.swift in Sources */ = {isa = PBXBuildFile; fileRef = 18D2A5312A27A3E900051495 /* PostEditorViewController.swift */; };
		18D2A5342A27A3FF00051495 /* PublishPostViewController.swift in Sources */ = {isa = PBXBuildFile; fileRef = 18D2A5332A27A3FF00051495 /* PublishPostViewController.swift */; };
		18F69E912A284AA900E8766D /* DatabaseManager.swift in Sources */ = {isa = PBXBuildFile; fileRef = 18F69E902A284AA900E8766D /* DatabaseManager.swift */; };
		18F69E932A284BB400E8766D /* AuthManager.swift in Sources */ = {isa = PBXBuildFile; fileRef = 18F69E922A284BB400E8766D /* AuthManager.swift */; };
		18F69E952A284C1C00E8766D /* StorageManager.swift in Sources */ = {isa = PBXBuildFile; fileRef = 18F69E942A284C1C00E8766D /* StorageManager.swift */; };
		F9F8F36A26AB3252A30B3C31 /* Pods_Instagram.framework in Frameworks */ = {isa = PBXBuildFile; fileRef = 92D2EA8280ABD2C3B7C30305 /* Pods_Instagram.framework */; };
/* End PBXBuildFile section */

/* Begin PBXFileReference section */
		187A941B2A286AF900F8FA36 /* Extensions.swift */ = {isa = PBXFileReference; lastKnownFileType = sourcecode.swift; path = Extensions.swift; sourceTree = "<group>"; };
		18A6497E2A29B917009E46E3 /* GoogleService-Info.plist */ = {isa = PBXFileReference; fileEncoding = 4; lastKnownFileType = text.plist.xml; path = "GoogleService-Info.plist"; sourceTree = "<group>"; };
		18D2A4FA2A279D7600051495 /* Instagram.app */ = {isa = PBXFileReference; explicitFileType = wrapper.application; includeInIndex = 0; path = Instagram.app; sourceTree = BUILT_PRODUCTS_DIR; };
		18D2A4FD2A279D7600051495 /* AppDelegate.swift */ = {isa = PBXFileReference; lastKnownFileType = sourcecode.swift; path = AppDelegate.swift; sourceTree = "<group>"; };
		18D2A4FF2A279D7600051495 /* SceneDelegate.swift */ = {isa = PBXFileReference; lastKnownFileType = sourcecode.swift; path = SceneDelegate.swift; sourceTree = "<group>"; };
		18D2A5012A279D7600051495 /* HomeViewController.swift */ = {isa = PBXFileReference; lastKnownFileType = sourcecode.swift; path = HomeViewController.swift; sourceTree = "<group>"; };
		18D2A5042A279D7600051495 /* Base */ = {isa = PBXFileReference; lastKnownFileType = file.storyboard; name = Base; path = Base.lproj/Main.storyboard; sourceTree = "<group>"; };
		18D2A5062A279D7900051495 /* Assets.xcassets */ = {isa = PBXFileReference; lastKnownFileType = folder.assetcatalog; path = Assets.xcassets; sourceTree = "<group>"; };
		18D2A5092A279D7900051495 /* Base */ = {isa = PBXFileReference; lastKnownFileType = file.storyboard; name = Base; path = Base.lproj/LaunchScreen.storyboard; sourceTree = "<group>"; };
		18D2A50B2A279D7900051495 /* Info.plist */ = {isa = PBXFileReference; lastKnownFileType = text.plist.xml; path = Info.plist; sourceTree = "<group>"; };
		18D2A5162A27A23300051495 /* ExploreViewController.swift */ = {isa = PBXFileReference; lastKnownFileType = sourcecode.swift; path = ExploreViewController.swift; sourceTree = "<group>"; };
		18D2A5182A27A24B00051495 /* CameraViewController.swift */ = {isa = PBXFileReference; lastKnownFileType = sourcecode.swift; path = CameraViewController.swift; sourceTree = "<group>"; };
		18D2A51A2A27A25E00051495 /* NotificationsViewController.swift */ = {isa = PBXFileReference; lastKnownFileType = sourcecode.swift; path = NotificationsViewController.swift; sourceTree = "<group>"; };
		18D2A51C2A27A27300051495 /* ProfileViewController.swift */ = {isa = PBXFileReference; lastKnownFileType = sourcecode.swift; path = ProfileViewController.swift; sourceTree = "<group>"; };
		18D2A5212A27A2FC00051495 /* LoginViewController.swift */ = {isa = PBXFileReference; lastKnownFileType = sourcecode.swift; path = LoginViewController.swift; sourceTree = "<group>"; };
		18D2A5232A27A30D00051495 /* RegistrationViewController.swift */ = {isa = PBXFileReference; lastKnownFileType = sourcecode.swift; path = RegistrationViewController.swift; sourceTree = "<group>"; };
		18D2A5252A27A32700051495 /* PostViewController.swift */ = {isa = PBXFileReference; lastKnownFileType = sourcecode.swift; path = PostViewController.swift; sourceTree = "<group>"; };
		18D2A5272A27A35000051495 /* EditProfileViewController.swift */ = {isa = PBXFileReference; lastKnownFileType = sourcecode.swift; path = EditProfileViewController.swift; sourceTree = "<group>"; };
		18D2A5292A27A37000051495 /* SettingsViewController.swift */ = {isa = PBXFileReference; lastKnownFileType = sourcecode.swift; path = SettingsViewController.swift; sourceTree = "<group>"; };
		18D2A52B2A27A38B00051495 /* ListViewController.swift */ = {isa = PBXFileReference; lastKnownFileType = sourcecode.swift; path = ListViewController.swift; sourceTree = "<group>"; };
		18D2A52D2A27A3A200051495 /* SearchViewController.swift */ = {isa = PBXFileReference; lastKnownFileType = sourcecode.swift; path = SearchViewController.swift; sourceTree = "<group>"; };
		18D2A52F2A27A3B100051495 /* SearchResultViewController.swift */ = {isa = PBXFileReference; lastKnownFileType = sourcecode.swift; path = SearchResultViewController.swift; sourceTree = "<group>"; };
		18D2A5312A27A3E900051495 /* PostEditorViewController.swift */ = {isa = PBXFileReference; lastKnownFileType = sourcecode.swift; path = PostEditorViewController.swift; sourceTree = "<group>"; };
		18D2A5332A27A3FF00051495 /* PublishPostViewController.swift */ = {isa = PBXFileReference; lastKnownFileType = sourcecode.swift; path = PublishPostViewController.swift; sourceTree = "<group>"; };
		18F69E902A284AA900E8766D /* DatabaseManager.swift */ = {isa = PBXFileReference; lastKnownFileType = sourcecode.swift; path = DatabaseManager.swift; sourceTree = "<group>"; };
		18F69E922A284BB400E8766D /* AuthManager.swift */ = {isa = PBXFileReference; lastKnownFileType = sourcecode.swift; path = AuthManager.swift; sourceTree = "<group>"; };
		18F69E942A284C1C00E8766D /* StorageManager.swift */ = {isa = PBXFileReference; lastKnownFileType = sourcecode.swift; path = StorageManager.swift; sourceTree = "<group>"; };
		21D70894B669B3153597D870 /* Pods-Instagram.release.xcconfig */ = {isa = PBXFileReference; includeInIndex = 1; lastKnownFileType = text.xcconfig; name = "Pods-Instagram.release.xcconfig"; path = "Target Support Files/Pods-Instagram/Pods-Instagram.release.xcconfig"; sourceTree = "<group>"; };
		92D2EA8280ABD2C3B7C30305 /* Pods_Instagram.framework */ = {isa = PBXFileReference; explicitFileType = wrapper.framework; includeInIndex = 0; path = Pods_Instagram.framework; sourceTree = BUILT_PRODUCTS_DIR; };
		C4697F5F4ACAA8F973B5B1B6 /* Pods-Instagram.debug.xcconfig */ = {isa = PBXFileReference; includeInIndex = 1; lastKnownFileType = text.xcconfig; name = "Pods-Instagram.debug.xcconfig"; path = "Target Support Files/Pods-Instagram/Pods-Instagram.debug.xcconfig"; sourceTree = "<group>"; };
/* End PBXFileReference section */

/* Begin PBXFrameworksBuildPhase section */
		18D2A4F72A279D7600051495 /* Frameworks */ = {
			isa = PBXFrameworksBuildPhase;
			buildActionMask = 2147483647;
			files = (
				F9F8F36A26AB3252A30B3C31 /* Pods_Instagram.framework in Frameworks */,
			);
			runOnlyForDeploymentPostprocessing = 0;
		};
/* End PBXFrameworksBuildPhase section */

/* Begin PBXGroup section */
		18D2A4F12A279D7600051495 = {
			isa = PBXGroup;
			children = (
				18D2A4FC2A279D7600051495 /* Instagram */,
				18D2A4FB2A279D7600051495 /* Products */,
				5DEFCE180A1923EF1F87135B /* Pods */,
				1E39AF10F528F8DA595CBF78 /* Frameworks */,
			);
			sourceTree = "<group>";
		};
		18D2A4FB2A279D7600051495 /* Products */ = {
			isa = PBXGroup;
			children = (
				18D2A4FA2A279D7600051495 /* Instagram.app */,
			);
			name = Products;
			sourceTree = "<group>";
		};
		18D2A4FC2A279D7600051495 /* Instagram */ = {
			isa = PBXGroup;
			children = (
				18D2A5142A27A16E00051495 /* Resources */,
				18D2A5132A27A16400051495 /* Models */,
				18D2A5122A27A15B00051495 /* Views */,
				18D2A5112A27A14E00051495 /* Controllers */,
				18D2A50B2A279D7900051495 /* Info.plist */,
			);
			path = Instagram;
			sourceTree = "<group>";
		};
		18D2A5112A27A14E00051495 /* Controllers */ = {
			isa = PBXGroup;
			children = (
				18D2A51F2A27A2DD00051495 /* Other */,
				18D2A51E2A27A2A800051495 /* Core Tabs */,
			);
			path = Controllers;
			sourceTree = "<group>";
		};
		18D2A5122A27A15B00051495 /* Views */ = {
			isa = PBXGroup;
			children = (
				18D2A5062A279D7900051495 /* Assets.xcassets */,
				18D2A5152A27A1B000051495 /* Storyboards */,
			);
			path = Views;
			sourceTree = "<group>";
		};
		18D2A5132A27A16400051495 /* Models */ = {
			isa = PBXGroup;
			children = (
			);
			path = Models;
			sourceTree = "<group>";
		};
		18D2A5142A27A16E00051495 /* Resources */ = {
			isa = PBXGroup;
			children = (
				18A6497E2A29B917009E46E3 /* GoogleService-Info.plist */,
				18D2A4FD2A279D7600051495 /* AppDelegate.swift */,
				18D2A4FF2A279D7600051495 /* SceneDelegate.swift */,
				18F69E902A284AA900E8766D /* DatabaseManager.swift */,
				18F69E922A284BB400E8766D /* AuthManager.swift */,
				18F69E942A284C1C00E8766D /* StorageManager.swift */,
				187A941B2A286AF900F8FA36 /* Extensions.swift */,
			);
			path = Resources;
			sourceTree = "<group>";
		};
		18D2A5152A27A1B000051495 /* Storyboards */ = {
			isa = PBXGroup;
			children = (
				18D2A5032A279D7600051495 /* Main.storyboard */,
				18D2A5082A279D7900051495 /* LaunchScreen.storyboard */,
			);
			path = Storyboards;
			sourceTree = "<group>";
		};
		18D2A51E2A27A2A800051495 /* Core Tabs */ = {
			isa = PBXGroup;
			children = (
				18D2A5012A279D7600051495 /* HomeViewController.swift */,
				18D2A5162A27A23300051495 /* ExploreViewController.swift */,
				18D2A5182A27A24B00051495 /* CameraViewController.swift */,
				18D2A51A2A27A25E00051495 /* NotificationsViewController.swift */,
				18D2A51C2A27A27300051495 /* ProfileViewController.swift */,
			);
			path = "Core Tabs";
			sourceTree = "<group>";
		};
		18D2A51F2A27A2DD00051495 /* Other */ = {
			isa = PBXGroup;
			children = (
				18D2A5202A27A2E600051495 /* Onboarding */,
				18F69E8F2A2849D600E8766D /* General */,
			);
			path = Other;
			sourceTree = "<group>";
		};
		18D2A5202A27A2E600051495 /* Onboarding */ = {
			isa = PBXGroup;
			children = (
				18D2A5212A27A2FC00051495 /* LoginViewController.swift */,
				18D2A5232A27A30D00051495 /* RegistrationViewController.swift */,
			);
			path = Onboarding;
			sourceTree = "<group>";
		};
		18F69E8F2A2849D600E8766D /* General */ = {
			isa = PBXGroup;
			children = (
				18D2A5252A27A32700051495 /* PostViewController.swift */,
				18D2A5272A27A35000051495 /* EditProfileViewController.swift */,
				18D2A5292A27A37000051495 /* SettingsViewController.swift */,
				18D2A52B2A27A38B00051495 /* ListViewController.swift */,
				18D2A52D2A27A3A200051495 /* SearchViewController.swift */,
				18D2A52F2A27A3B100051495 /* SearchResultViewController.swift */,
				18D2A5312A27A3E900051495 /* PostEditorViewController.swift */,
				18D2A5332A27A3FF00051495 /* PublishPostViewController.swift */,
			);
			path = General;
			sourceTree = "<group>";
		};
		1E39AF10F528F8DA595CBF78 /* Frameworks */ = {
			isa = PBXGroup;
			children = (
				92D2EA8280ABD2C3B7C30305 /* Pods_Instagram.framework */,
			);
			name = Frameworks;
			sourceTree = "<group>";
		};
		5DEFCE180A1923EF1F87135B /* Pods */ = {
			isa = PBXGroup;
			children = (
				C4697F5F4ACAA8F973B5B1B6 /* Pods-Instagram.debug.xcconfig */,
				21D70894B669B3153597D870 /* Pods-Instagram.release.xcconfig */,
			);
			path = Pods;
			sourceTree = "<group>";
		};
/* End PBXGroup section */

/* Begin PBXNativeTarget section */
		18D2A4F92A279D7600051495 /* Instagram */ = {
			isa = PBXNativeTarget;
			buildConfigurationList = 18D2A50E2A279D7900051495 /* Build configuration list for PBXNativeTarget "Instagram" */;
			buildPhases = (
				E7FEE57B65489F78EDC9DBFA /* [CP] Check Pods Manifest.lock */,
				18D2A4F62A279D7600051495 /* Sources */,
				18D2A4F72A279D7600051495 /* Frameworks */,
				18D2A4F82A279D7600051495 /* Resources */,
				6FABFF6798106BBEA2300CDD /* [CP] Embed Pods Frameworks */,
			);
			buildRules = (
			);
			dependencies = (
			);
			name = Instagram;
			productName = Instagram;
			productReference = 18D2A4FA2A279D7600051495 /* Instagram.app */;
			productType = "com.apple.product-type.application";
		};
/* End PBXNativeTarget section */

/* Begin PBXProject section */
		18D2A4F22A279D7600051495 /* Project object */ = {
			isa = PBXProject;
			attributes = {
				BuildIndependentTargetsInParallel = 1;
				LastSwiftUpdateCheck = 1410;
				LastUpgradeCheck = 1410;
				TargetAttributes = {
					18D2A4F92A279D7600051495 = {
						CreatedOnToolsVersion = 14.1;
					};
				};
			};
			buildConfigurationList = 18D2A4F52A279D7600051495 /* Build configuration list for PBXProject "Instagram" */;
			compatibilityVersion = "Xcode 14.0";
			developmentRegion = en;
			hasScannedForEncodings = 0;
			knownRegions = (
				en,
				Base,
			);
			mainGroup = 18D2A4F12A279D7600051495;
			productRefGroup = 18D2A4FB2A279D7600051495 /* Products */;
			projectDirPath = "";
			projectRoot = "";
			targets = (
				18D2A4F92A279D7600051495 /* Instagram */,
			);
		};
/* End PBXProject section */

/* Begin PBXResourcesBuildPhase section */
		18D2A4F82A279D7600051495 /* Resources */ = {
			isa = PBXResourcesBuildPhase;
			buildActionMask = 2147483647;
			files = (
				18D2A50A2A279D7900051495 /* LaunchScreen.storyboard in Resources */,
				18A6497F2A29B918009E46E3 /* GoogleService-Info.plist in Resources */,
				18D2A5072A279D7900051495 /* Assets.xcassets in Resources */,
				18D2A5052A279D7600051495 /* Main.storyboard in Resources */,
			);
			runOnlyForDeploymentPostprocessing = 0;
		};
/* End PBXResourcesBuildPhase section */

/* Begin PBXShellScriptBuildPhase section */
		6FABFF6798106BBEA2300CDD /* [CP] Embed Pods Frameworks */ = {
			isa = PBXShellScriptBuildPhase;
			buildActionMask = 2147483647;
			files = (
			);
			inputFileListPaths = (
				"${PODS_ROOT}/Target Support Files/Pods-Instagram/Pods-Instagram-frameworks-${CONFIGURATION}-input-files.xcfilelist",
			);
			name = "[CP] Embed Pods Frameworks";
			outputFileListPaths = (
				"${PODS_ROOT}/Target Support Files/Pods-Instagram/Pods-Instagram-frameworks-${CONFIGURATION}-output-files.xcfilelist",
			);
			runOnlyForDeploymentPostprocessing = 0;
			shellPath = /bin/sh;
			shellScript = "\"${PODS_ROOT}/Target Support Files/Pods-Instagram/Pods-Instagram-frameworks.sh\"\n";
			showEnvVarsInLog = 0;
		};
		E7FEE57B65489F78EDC9DBFA /* [CP] Check Pods Manifest.lock */ = {
			isa = PBXShellScriptBuildPhase;
			buildActionMask = 2147483647;
			files = (
			);
			inputFileListPaths = (
			);
			inputPaths = (
				"${PODS_PODFILE_DIR_PATH}/Podfile.lock",
				"${PODS_ROOT}/Manifest.lock",
			);
			name = "[CP] Check Pods Manifest.lock";
			outputFileListPaths = (
			);
			outputPaths = (
				"$(DERIVED_FILE_DIR)/Pods-Instagram-checkManifestLockResult.txt",
			);
			runOnlyForDeploymentPostprocessing = 0;
			shellPath = /bin/sh;
			shellScript = "diff \"${PODS_PODFILE_DIR_PATH}/Podfile.lock\" \"${PODS_ROOT}/Manifest.lock\" > /dev/null\nif [ $? != 0 ] ; then\n    # print error to STDERR\n    echo \"error: The sandbox is not in sync with the Podfile.lock. Run 'pod install' or update your CocoaPods installation.\" >&2\n    exit 1\nfi\n# This output is used by Xcode 'outputs' to avoid re-running this script phase.\necho \"SUCCESS\" > \"${SCRIPT_OUTPUT_FILE_0}\"\n";
			showEnvVarsInLog = 0;
		};
/* End PBXShellScriptBuildPhase section */

/* Begin PBXSourcesBuildPhase section */
		18D2A4F62A279D7600051495 /* Sources */ = {
			isa = PBXSourcesBuildPhase;
			buildActionMask = 2147483647;
			files = (
				18D2A5282A27A35000051495 /* EditProfileViewController.swift in Sources */,
				18D2A5172A27A23300051495 /* ExploreViewController.swift in Sources */,
				18D2A5342A27A3FF00051495 /* PublishPostViewController.swift in Sources */,
				18D2A5192A27A24B00051495 /* CameraViewController.swift in Sources */,
				18D2A5022A279D7600051495 /* HomeViewController.swift in Sources */,
				18D2A5242A27A30D00051495 /* RegistrationViewController.swift in Sources */,
				18D2A5322A27A3E900051495 /* PostEditorViewController.swift in Sources */,
				18F69E952A284C1C00E8766D /* StorageManager.swift in Sources */,
				18D2A5262A27A32700051495 /* PostViewController.swift in Sources */,
				18F69E912A284AA900E8766D /* DatabaseManager.swift in Sources */,
				18D2A51B2A27A25E00051495 /* NotificationsViewController.swift in Sources */,
				18D2A5302A27A3B100051495 /* SearchResultViewController.swift in Sources */,
				18D2A5222A27A2FC00051495 /* LoginViewController.swift in Sources */,
				187A941C2A286AF900F8FA36 /* Extensions.swift in Sources */,
				18D2A52E2A27A3A200051495 /* SearchViewController.swift in Sources */,
				18D2A51D2A27A27300051495 /* ProfileViewController.swift in Sources */,
				18F69E932A284BB400E8766D /* AuthManager.swift in Sources */,
				18D2A4FE2A279D7600051495 /* AppDelegate.swift in Sources */,
				18D2A5002A279D7600051495 /* SceneDelegate.swift in Sources */,
				18D2A52C2A27A38B00051495 /* ListViewController.swift in Sources */,
				18D2A52A2A27A37000051495 /* SettingsViewController.swift in Sources */,
			);
			runOnlyForDeploymentPostprocessing = 0;
		};
/* End PBXSourcesBuildPhase section */

/* Begin PBXVariantGroup section */
		18D2A5032A279D7600051495 /* Main.storyboard */ = {
			isa = PBXVariantGroup;
			children = (
				18D2A5042A279D7600051495 /* Base */,
			);
			name = Main.storyboard;
			sourceTree = "<group>";
		};
		18D2A5082A279D7900051495 /* LaunchScreen.storyboard */ = {
			isa = PBXVariantGroup;
			children = (
				18D2A5092A279D7900051495 /* Base */,
			);
			name = LaunchScreen.storyboard;
			sourceTree = "<group>";
		};
/* End PBXVariantGroup section */

/* Begin XCBuildConfiguration section */
		18D2A50C2A279D7900051495 /* Debug */ = {
			isa = XCBuildConfiguration;
			buildSettings = {
				ALWAYS_SEARCH_USER_PATHS = NO;
				CLANG_ANALYZER_NONNULL = YES;
				CLANG_ANALYZER_NUMBER_OBJECT_CONVERSION = YES_AGGRESSIVE;
				CLANG_CXX_LANGUAGE_STANDARD = "gnu++20";
				CLANG_ENABLE_MODULES = YES;
				CLANG_ENABLE_OBJC_ARC = YES;
				CLANG_ENABLE_OBJC_WEAK = YES;
				CLANG_WARN_BLOCK_CAPTURE_AUTORELEASING = YES;
				CLANG_WARN_BOOL_CONVERSION = YES;
				CLANG_WARN_COMMA = YES;
				CLANG_WARN_CONSTANT_CONVERSION = YES;
				CLANG_WARN_DEPRECATED_OBJC_IMPLEMENTATIONS = YES;
				CLANG_WARN_DIRECT_OBJC_ISA_USAGE = YES_ERROR;
				CLANG_WARN_DOCUMENTATION_COMMENTS = YES;
				CLANG_WARN_EMPTY_BODY = YES;
				CLANG_WARN_ENUM_CONVERSION = YES;
				CLANG_WARN_INFINITE_RECURSION = YES;
				CLANG_WARN_INT_CONVERSION = YES;
				CLANG_WARN_NON_LITERAL_NULL_CONVERSION = YES;
				CLANG_WARN_OBJC_IMPLICIT_RETAIN_SELF = YES;
				CLANG_WARN_OBJC_LITERAL_CONVERSION = YES;
				CLANG_WARN_OBJC_ROOT_CLASS = YES_ERROR;
				CLANG_WARN_QUOTED_INCLUDE_IN_FRAMEWORK_HEADER = YES;
				CLANG_WARN_RANGE_LOOP_ANALYSIS = YES;
				CLANG_WARN_STRICT_PROTOTYPES = YES;
				CLANG_WARN_SUSPICIOUS_MOVE = YES;
				CLANG_WARN_UNGUARDED_AVAILABILITY = YES_AGGRESSIVE;
				CLANG_WARN_UNREACHABLE_CODE = YES;
				CLANG_WARN__DUPLICATE_METHOD_MATCH = YES;
				COPY_PHASE_STRIP = NO;
				DEBUG_INFORMATION_FORMAT = dwarf;
				ENABLE_STRICT_OBJC_MSGSEND = YES;
				ENABLE_TESTABILITY = YES;
				GCC_C_LANGUAGE_STANDARD = gnu11;
				GCC_DYNAMIC_NO_PIC = NO;
				GCC_NO_COMMON_BLOCKS = YES;
				GCC_OPTIMIZATION_LEVEL = 0;
				GCC_PREPROCESSOR_DEFINITIONS = (
					"DEBUG=1",
					"$(inherited)",
				);
				GCC_WARN_64_TO_32_BIT_CONVERSION = YES;
				GCC_WARN_ABOUT_RETURN_TYPE = YES_ERROR;
				GCC_WARN_UNDECLARED_SELECTOR = YES;
				GCC_WARN_UNINITIALIZED_AUTOS = YES_AGGRESSIVE;
				GCC_WARN_UNUSED_FUNCTION = YES;
				GCC_WARN_UNUSED_VARIABLE = YES;
				IPHONEOS_DEPLOYMENT_TARGET = 16.1;
				MTL_ENABLE_DEBUG_INFO = INCLUDE_SOURCE;
				MTL_FAST_MATH = YES;
				ONLY_ACTIVE_ARCH = YES;
				SDKROOT = iphoneos;
				SWIFT_ACTIVE_COMPILATION_CONDITIONS = DEBUG;
				SWIFT_OPTIMIZATION_LEVEL = "-Onone";
			};
			name = Debug;
		};
		18D2A50D2A279D7900051495 /* Release */ = {
			isa = XCBuildConfiguration;
			buildSettings = {
				ALWAYS_SEARCH_USER_PATHS = NO;
				CLANG_ANALYZER_NONNULL = YES;
				CLANG_ANALYZER_NUMBER_OBJECT_CONVERSION = YES_AGGRESSIVE;
				CLANG_CXX_LANGUAGE_STANDARD = "gnu++20";
				CLANG_ENABLE_MODULES = YES;
				CLANG_ENABLE_OBJC_ARC = YES;
				CLANG_ENABLE_OBJC_WEAK = YES;
				CLANG_WARN_BLOCK_CAPTURE_AUTORELEASING = YES;
				CLANG_WARN_BOOL_CONVERSION = YES;
				CLANG_WARN_COMMA = YES;
				CLANG_WARN_CONSTANT_CONVERSION = YES;
				CLANG_WARN_DEPRECATED_OBJC_IMPLEMENTATIONS = YES;
				CLANG_WARN_DIRECT_OBJC_ISA_USAGE = YES_ERROR;
				CLANG_WARN_DOCUMENTATION_COMMENTS = YES;
				CLANG_WARN_EMPTY_BODY = YES;
				CLANG_WARN_ENUM_CONVERSION = YES;
				CLANG_WARN_INFINITE_RECURSION = YES;
				CLANG_WARN_INT_CONVERSION = YES;
				CLANG_WARN_NON_LITERAL_NULL_CONVERSION = YES;
				CLANG_WARN_OBJC_IMPLICIT_RETAIN_SELF = YES;
				CLANG_WARN_OBJC_LITERAL_CONVERSION = YES;
				CLANG_WARN_OBJC_ROOT_CLASS = YES_ERROR;
				CLANG_WARN_QUOTED_INCLUDE_IN_FRAMEWORK_HEADER = YES;
				CLANG_WARN_RANGE_LOOP_ANALYSIS = YES;
				CLANG_WARN_STRICT_PROTOTYPES = YES;
				CLANG_WARN_SUSPICIOUS_MOVE = YES;
				CLANG_WARN_UNGUARDED_AVAILABILITY = YES_AGGRESSIVE;
				CLANG_WARN_UNREACHABLE_CODE = YES;
				CLANG_WARN__DUPLICATE_METHOD_MATCH = YES;
				COPY_PHASE_STRIP = NO;
				DEBUG_INFORMATION_FORMAT = "dwarf-with-dsym";
				ENABLE_NS_ASSERTIONS = NO;
				ENABLE_STRICT_OBJC_MSGSEND = YES;
				GCC_C_LANGUAGE_STANDARD = gnu11;
				GCC_NO_COMMON_BLOCKS = YES;
				GCC_WARN_64_TO_32_BIT_CONVERSION = YES;
				GCC_WARN_ABOUT_RETURN_TYPE = YES_ERROR;
				GCC_WARN_UNDECLARED_SELECTOR = YES;
				GCC_WARN_UNINITIALIZED_AUTOS = YES_AGGRESSIVE;
				GCC_WARN_UNUSED_FUNCTION = YES;
				GCC_WARN_UNUSED_VARIABLE = YES;
				IPHONEOS_DEPLOYMENT_TARGET = 16.1;
				MTL_ENABLE_DEBUG_INFO = NO;
				MTL_FAST_MATH = YES;
				SDKROOT = iphoneos;
				SWIFT_COMPILATION_MODE = wholemodule;
				SWIFT_OPTIMIZATION_LEVEL = "-O";
				VALIDATE_PRODUCT = YES;
			};
			name = Release;
		};
		18D2A50F2A279D7900051495 /* Debug */ = {
			isa = XCBuildConfiguration;
			baseConfigurationReference = C4697F5F4ACAA8F973B5B1B6 /* Pods-Instagram.debug.xcconfig */;
			buildSettings = {
				ASSETCATALOG_COMPILER_APPICON_NAME = AppIcon;
				ASSETCATALOG_COMPILER_GLOBAL_ACCENT_COLOR_NAME = AccentColor;
				CODE_SIGN_STYLE = Automatic;
				CURRENT_PROJECT_VERSION = 1;
				DEVELOPMENT_TEAM = P76BT6B462;
				GENERATE_INFOPLIST_FILE = YES;
				INFOPLIST_FILE = Instagram/Info.plist;
				INFOPLIST_KEY_UIApplicationSupportsIndirectInputEvents = YES;
				INFOPLIST_KEY_UILaunchStoryboardName = LaunchScreen;
				INFOPLIST_KEY_UIMainStoryboardFile = Main;
				INFOPLIST_KEY_UISupportedInterfaceOrientations = UIInterfaceOrientationPortrait;
				LD_RUNPATH_SEARCH_PATHS = (
					"$(inherited)",
					"@executable_path/Frameworks",
				);
				MARKETING_VERSION = 1.0;
				PRODUCT_BUNDLE_IDENTIFIER = com.bhavin.Instagram;
				PRODUCT_NAME = "$(TARGET_NAME)";
				SUPPORTED_PLATFORMS = "iphoneos iphonesimulator";
				SUPPORTS_MACCATALYST = NO;
				SUPPORTS_MAC_DESIGNED_FOR_IPHONE_IPAD = NO;
				SWIFT_EMIT_LOC_STRINGS = YES;
				SWIFT_VERSION = 5.0;
				TARGETED_DEVICE_FAMILY = "1,2";
			};
			name = Debug;
		};
		18D2A5102A279D7900051495 /* Release */ = {
			isa = XCBuildConfiguration;
			baseConfigurationReference = 21D70894B669B3153597D870 /* Pods-Instagram.release.xcconfig */;
			buildSettings = {
				ASSETCATALOG_COMPILER_APPICON_NAME = AppIcon;
				ASSETCATALOG_COMPILER_GLOBAL_ACCENT_COLOR_NAME = AccentColor;
				CODE_SIGN_STYLE = Automatic;
				CURRENT_PROJECT_VERSION = 1;
				DEVELOPMENT_TEAM = P76BT6B462;
				GENERATE_INFOPLIST_FILE = YES;
				INFOPLIST_FILE = Instagram/Info.plist;
				INFOPLIST_KEY_UIApplicationSupportsIndirectInputEvents = YES;
				INFOPLIST_KEY_UILaunchStoryboardName = LaunchScreen;
				INFOPLIST_KEY_UIMainStoryboardFile = Main;
				INFOPLIST_KEY_UISupportedInterfaceOrientations = UIInterfaceOrientationPortrait;
				LD_RUNPATH_SEARCH_PATHS = (
					"$(inherited)",
					"@executable_path/Frameworks",
				);
				MARKETING_VERSION = 1.0;
				PRODUCT_BUNDLE_IDENTIFIER = com.bhavin.Instagram;
				PRODUCT_NAME = "$(TARGET_NAME)";
				SUPPORTED_PLATFORMS = "iphoneos iphonesimulator";
				SUPPORTS_MACCATALYST = NO;
				SUPPORTS_MAC_DESIGNED_FOR_IPHONE_IPAD = NO;
				SWIFT_EMIT_LOC_STRINGS = YES;
				SWIFT_VERSION = 5.0;
				TARGETED_DEVICE_FAMILY = "1,2";
			};
			name = Release;
		};
/* End XCBuildConfiguration section */

/* Begin XCConfigurationList section */
		18D2A4F52A279D7600051495 /* Build configuration list for PBXProject "Instagram" */ = {
			isa = XCConfigurationList;
			buildConfigurations = (
				18D2A50C2A279D7900051495 /* Debug */,
				18D2A50D2A279D7900051495 /* Release */,
			);
			defaultConfigurationIsVisible = 0;
			defaultConfigurationName = Release;
		};
		18D2A50E2A279D7900051495 /* Build configuration list for PBXNativeTarget "Instagram" */ = {
			isa = XCConfigurationList;
			buildConfigurations = (
				18D2A50F2A279D7900051495 /* Debug */,
				18D2A5102A279D7900051495 /* Release */,
			);
			defaultConfigurationIsVisible = 0;
			defaultConfigurationName = Release;
		};
/* End XCConfigurationList section */
	};
	rootObject = 18D2A4F22A279D7600051495 /* Project object */;
}
